
Microsoft Visual Studio Solution File, Format Version 12.00
# Visual Studio Version 16
VisualStudioVersion = 16.0.32002.261
MinimumVisualStudioVersion = 10.0.40219.1
Project("{8BC9CEB8-8B4A-11D0-8D11-00A0C91BC942}") = "Delivery debacle", "Delivery debacle\Delivery debacle.vcxproj", "{4669B416-5552-4048-A61F-7BDF88D37855}"
EndProject
Global
	GlobalSection(SolutionConfigurationPlatforms) = preSolution
		Debug|x64 = Debug|x64
		Debug|x86 = Debug|x86
		Release|x64 = Release|x64
		Release|x86 = Release|x86
	EndGlobalSection
	GlobalSection(ProjectConfigurationPlatforms) = postSolution
		{4669B416-5552-4048-A61F-7BDF88D37855}.Debug|x64.ActiveCfg = Debug|x64
		{4669B416-5552-4048-A61F-7BDF88D37855}.Debug|x64.Build.0 = Debug|x64
		{4669B416-5552-4048-A61F-7BDF88D37855}.Debug|x86.ActiveCfg = Debug|Win32
		{4669B416-5552-4048-A61F-7BDF88D37855}.Debug|x86.Build.0 = Debug|Win32
		{4669B416-5552-4048-A61F-7BDF88D37855}.Release|x64.ActiveCfg = Release|x64
		{4669B416-5552-4048-A61F-7BDF88D37855}.Release|x64.Build.0 = Release|x64
		{4669B416-5552-4048-A61F-7BDF88D37855}.Release|x86.ActiveCfg = Release|Win32
		{4669B416-5552-4048-A61F-7BDF88D37855}.Release|x86.Build.0 = Release|Win32
	EndGlobalSection
	GlobalSection(SolutionProperties) = preSolution
		HideSolutionNode = FALSE
	EndGlobalSection
	GlobalSection(ExtensibilityGlobals) = postSolution
		SolutionGuid = {285193CF-B66C-4C0D-A016-D8D24A04F5B6}
	EndGlobalSection
EndGlobal
